// !$*UTF8*$!
{
	archiveVersion = 1;
	classes = {
	};
	objectVersion = 46;
	objects = {

/* Begin PBXBuildFile section */
		287B60B11C4E2A4C001EED3E /* AppDelegate.swift in Sources */ = {isa = PBXBuildFile; fileRef = 287B60B01C4E2A4C001EED3E /* AppDelegate.swift */; };
		287B60B31C4E2A4C001EED3E /* ViewController.swift in Sources */ = {isa = PBXBuildFile; fileRef = 287B60B21C4E2A4C001EED3E /* ViewController.swift */; };
		287B60B61C4E2A4C001EED3E /* Main.storyboard in Resources */ = {isa = PBXBuildFile; fileRef = 287B60B41C4E2A4C001EED3E /* Main.storyboard */; };
		287B60B81C4E2A4C001EED3E /* Assets.xcassets in Resources */ = {isa = PBXBuildFile; fileRef = 287B60B71C4E2A4C001EED3E /* Assets.xcassets */; };
		287B60BB1C4E2A4C001EED3E /* LaunchScreen.storyboard in Resources */ = {isa = PBXBuildFile; fileRef = 287B60B91C4E2A4C001EED3E /* LaunchScreen.storyboard */; };
		28EC74D01C4EB51F003A35AD /* Alamofire.framework in Frameworks */ = {isa = PBXBuildFile; fileRef = 28EC74CC1C4EB189003A35AD /* Alamofire.framework */; };
		28EC74D11C4EB51F003A35AD /* SwiftyJSON.framework in Frameworks */ = {isa = PBXBuildFile; fileRef = 28EC74CD1C4EB189003A35AD /* SwiftyJSON.framework */; };
/* End PBXBuildFile section */

/* Begin PBXFileReference section */
		287B60AD1C4E2A4C001EED3E /* Batmapp.app */ = {isa = PBXFileReference; explicitFileType = wrapper.application; includeInIndex = 0; path = Batmapp.app; sourceTree = BUILT_PRODUCTS_DIR; };
		287B60B01C4E2A4C001EED3E /* AppDelegate.swift */ = {isa = PBXFileReference; lastKnownFileType = sourcecode.swift; path = AppDelegate.swift; sourceTree = "<group>"; };
		287B60B21C4E2A4C001EED3E /* ViewController.swift */ = {isa = PBXFileReference; lastKnownFileType = sourcecode.swift; path = ViewController.swift; sourceTree = "<group>"; };
		287B60B51C4E2A4C001EED3E /* Base */ = {isa = PBXFileReference; lastKnownFileType = file.storyboard; name = Base; path = Base.lproj/Main.storyboard; sourceTree = "<group>"; };
		287B60B71C4E2A4C001EED3E /* Assets.xcassets */ = {isa = PBXFileReference; lastKnownFileType = folder.assetcatalog; path = Assets.xcassets; sourceTree = "<group>"; };
		287B60BA1C4E2A4C001EED3E /* Base */ = {isa = PBXFileReference; lastKnownFileType = file.storyboard; name = Base; path = Base.lproj/LaunchScreen.storyboard; sourceTree = "<group>"; };
		287B60BC1C4E2A4C001EED3E /* Info.plist */ = {isa = PBXFileReference; lastKnownFileType = text.plist.xml; path = Info.plist; sourceTree = "<group>"; };
		28EC74CC1C4EB189003A35AD /* Alamofire.framework */ = {isa = PBXFileReference; lastKnownFileType = wrapper.framework; name = Alamofire.framework; path = Carthage/Build/iOS/Alamofire.framework; sourceTree = "<group>"; };
		28EC74CD1C4EB189003A35AD /* SwiftyJSON.framework */ = {isa = PBXFileReference; lastKnownFileType = wrapper.framework; name = SwiftyJSON.framework; path = Carthage/Build/iOS/SwiftyJSON.framework; sourceTree = "<group>"; };
/* End PBXFileReference section */

/* Begin PBXFrameworksBuildPhase section */
		287B60AA1C4E2A4C001EED3E /* Frameworks */ = {
			isa = PBXFrameworksBuildPhase;
			buildActionMask = 2147483647;
			files = (
				28EC74D01C4EB51F003A35AD /* Alamofire.framework in Frameworks */,
				28EC74D11C4EB51F003A35AD /* SwiftyJSON.framework in Frameworks */,
			);
			runOnlyForDeploymentPostprocessing = 0;
		};
/* End PBXFrameworksBuildPhase section */

/* Begin PBXGroup section */
		287B60A41C4E2A4C001EED3E = {
			isa = PBXGroup;
			children = (
				28EC74CC1C4EB189003A35AD /* Alamofire.framework */,
				28EC74CD1C4EB189003A35AD /* SwiftyJSON.framework */,
				287B60AF1C4E2A4C001EED3E /* Batmapp */,
				287B60AE1C4E2A4C001EED3E /* Products */,
			);
			sourceTree = "<group>";
		};
		287B60AE1C4E2A4C001EED3E /* Products */ = {
			isa = PBXGroup;
			children = (
				287B60AD1C4E2A4C001EED3E /* Batmapp.app */,
			);
			name = Products;
			sourceTree = "<group>";
		};
		287B60AF1C4E2A4C001EED3E /* Batmapp */ = {
			isa = PBXGroup;
			children = (
				287B60B01C4E2A4C001EED3E /* AppDelegate.swift */,
				287B60B21C4E2A4C001EED3E /* ViewController.swift */,
				287B60B41C4E2A4C001EED3E /* Main.storyboard */,
				287B60B71C4E2A4C001EED3E /* Assets.xcassets */,
				287B60B91C4E2A4C001EED3E /* LaunchScreen.storyboard */,
				287B60BC1C4E2A4C001EED3E /* Info.plist */,
			);
			path = Batmapp;
			sourceTree = "<group>";
		};
/* End PBXGroup section */

/* Begin PBXNativeTarget section */
		287B60AC1C4E2A4C001EED3E /* Batmapp */ = {
			isa = PBXNativeTarget;
			buildConfigurationList = 287B60BF1C4E2A4C001EED3E /* Build configuration list for PBXNativeTarget "Batmapp" */;
			buildPhases = (
				287B60A91C4E2A4C001EED3E /* Sources */,
				287B60AA1C4E2A4C001EED3E /* Frameworks */,
				287B60AB1C4E2A4C001EED3E /* Resources */,
				28EC74D21C4EB58D003A35AD /* ShellScript */,
			);
			buildRules = (
			);
			dependencies = (
			);
			name = Batmapp;
			productName = Batmapp;
			productReference = 287B60AD1C4E2A4C001EED3E /* Batmapp.app */;
			productType = "com.apple.product-type.application";
		};
/* End PBXNativeTarget section */

/* Begin PBXProject section */
		287B60A51C4E2A4C001EED3E /* Project object */ = {
			isa = PBXProject;
			attributes = {
				LastSwiftUpdateCheck = 0720;
				LastUpgradeCheck = 0720;
				ORGANIZATIONNAME = "Martin Choraine";
				TargetAttributes = {
					287B60AC1C4E2A4C001EED3E = {
						CreatedOnToolsVersion = 7.2;
						DevelopmentTeam = QTRD7A3N9Q;
					};
				};
			};
			buildConfigurationList = 287B60A81C4E2A4C001EED3E /* Build configuration list for PBXProject "Batmapp" */;
			compatibilityVersion = "Xcode 3.2";
			developmentRegion = English;
			hasScannedForEncodings = 0;
			knownRegions = (
				en,
				Base,
			);
			mainGroup = 287B60A41C4E2A4C001EED3E;
			productRefGroup = 287B60AE1C4E2A4C001EED3E /* Products */;
			projectDirPath = "";
			projectRoot = "";
			targets = (
				287B60AC1C4E2A4C001EED3E /* Batmapp */,
			);
		};
/* End PBXProject section */

/* Begin PBXResourcesBuildPhase section */
		287B60AB1C4E2A4C001EED3E /* Resources */ = {
			isa = PBXResourcesBuildPhase;
			buildActionMask = 2147483647;
			files = (
				287B60BB1C4E2A4C001EED3E /* LaunchScreen.storyboard in Resources */,
				287B60B81C4E2A4C001EED3E /* Assets.xcassets in Resources */,
				287B60B61C4E2A4C001EED3E /* Main.storyboard in Resources */,
			);
			runOnlyForDeploymentPostprocessing = 0;
		};
/* End PBXResourcesBuildPhase section */

/* Begin PBXShellScriptBuildPhase section */
		28EC74D21C4EB58D003A35AD /* ShellScript */ = {
			isa = PBXShellScriptBuildPhase;
			buildActionMask = 2147483647;
			files = (
			);
			inputPaths = (
				"$(SRCROOT)/Carthage/Build/iOS/Alamofire.framework",
				"$(SRCROOT)/Carthage/Build/iOS/SwiftyJSON.framework",
			);
			outputPaths = (
			);
			runOnlyForDeploymentPostprocessing = 0;
			shellPath = /bin/sh;
			shellScript = "/usr/local/bin/carthage copy-frameworks";
		};
/* End PBXShellScriptBuildPhase section */

/* Begin PBXSourcesBuildPhase section */
		287B60A91C4E2A4C001EED3E /* Sources */ = {
			isa = PBXSourcesBuildPhase;
			buildActionMask = 2147483647;
			files = (
				287B60B31C4E2A4C001EED3E /* ViewController.swift in Sources */,
				287B60B11C4E2A4C001EED3E /* AppDelegate.swift in Sources */,
			);
			runOnlyForDeploymentPostprocessing = 0;
		};
/* End PBXSourcesBuildPhase section */

/* Begin PBXVariantGroup section */
		287B60B41C4E2A4C001EED3E /* Main.storyboard */ = {
			isa = PBXVariantGroup;
			children = (
				287B60B51C4E2A4C001EED3E /* Base */,
			);
			name = Main.storyboard;
			sourceTree = "<group>";
		};
		287B60B91C4E2A4C001EED3E /* LaunchScreen.storyboard */ = {
			isa = PBXVariantGroup;
			children = (
				287B60BA1C4E2A4C001EED3E /* Base */,
			);
			name = LaunchScreen.storyboard;
			sourceTree = "<group>";
		};
/* End PBXVariantGroup section */

/* Begin XCBuildConfiguration section */
		287B60BD1C4E2A4C001EED3E /* Debug */ = {
			isa = XCBuildConfiguration;
			buildSettings = {
				ALWAYS_SEARCH_USER_PATHS = NO;
				CLANG_CXX_LANGUAGE_STANDARD = "gnu++0x";
				CLANG_CXX_LIBRARY = "libc++";
				CLANG_ENABLE_MODULES = YES;
				CLANG_ENABLE_OBJC_ARC = YES;
				CLANG_WARN_BOOL_CONVERSION = YES;
				CLANG_WARN_CONSTANT_CONVERSION = YES;
				CLANG_WARN_DIRECT_OBJC_ISA_USAGE = YES_ERROR;
				CLANG_WARN_EMPTY_BODY = YES;
				CLANG_WARN_ENUM_CONVERSION = YES;
				CLANG_WARN_INT_CONVERSION = YES;
				CLANG_WARN_OBJC_ROOT_CLASS = YES_ERROR;
				CLANG_WARN_UNREACHABLE_CODE = YES;
				CLANG_WARN__DUPLICATE_METHOD_MATCH = YES;
				"CODE_SIGN_IDENTITY[sdk=iphoneos*]" = "iPhone Developer";
				COPY_PHASE_STRIP = NO;
				DEBUG_INFORMATION_FORMAT = dwarf;
				ENABLE_STRICT_OBJC_MSGSEND = YES;
				ENABLE_TESTABILITY = YES;
				GCC_C_LANGUAGE_STANDARD = gnu99;
				GCC_DYNAMIC_NO_PIC = NO;
				GCC_NO_COMMON_BLOCKS = YES;
				GCC_OPTIMIZATION_LEVEL = 0;
				GCC_PREPROCESSOR_DEFINITIONS = (
					"DEBUG=1",
					"$(inherited)",
				);
				GCC_WARN_64_TO_32_BIT_CONVERSION = YES;
				GCC_WARN_ABOUT_RETURN_TYPE = YES_ERROR;
				GCC_WARN_UNDECLARED_SELECTOR = YES;
				GCC_WARN_UNINITIALIZED_AUTOS = YES_AGGRESSIVE;
				GCC_WARN_UNUSED_FUNCTION = YES;
				GCC_WARN_UNUSED_VARIABLE = YES;
				IPHONEOS_DEPLOYMENT_TARGET = 9.2;
				MTL_ENABLE_DEBUG_INFO = YES;
				ONLY_ACTIVE_ARCH = YES;
				SDKROOT = iphoneos;
				SWIFT_OPTIMIZATION_LEVEL = "-Onone";
				TARGETED_DEVICE_FAMILY = "1,2";
			};
			name = Debug;
		};
		287B60BE1C4E2A4C001EED3E /* Release */ = {
			isa = XCBuildConfiguration;
			buildSettings = {
				ALWAYS_SEARCH_USER_PATHS = NO;
				CLANG_CXX_LANGUAGE_STANDARD = "gnu++0x";
				CLANG_CXX_LIBRARY = "libc++";
				CLANG_ENABLE_MODULES = YES;
				CLANG_ENABLE_OBJC_ARC = YES;
				CLANG_WARN_BOOL_CONVERSION = YES;
				CLANG_WARN_CONSTANT_CONVERSION = YES;
				CLANG_WARN_DIRECT_OBJC_ISA_USAGE = YES_ERROR;
				CLANG_WARN_EMPTY_BODY = YES;
				CLANG_WARN_ENUM_CONVERSION = YES;
				CLANG_WARN_INT_CONVERSION = YES;
				CLANG_WARN_OBJC_ROOT_CLASS = YES_ERROR;
				CLANG_WARN_UNREACHABLE_CODE = YES;
				CLANG_WARN__DUPLICATE_METHOD_MATCH = YES;
				"CODE_SIGN_IDENTITY[sdk=iphoneos*]" = "iPhone Developer";
				COPY_PHASE_STRIP = NO;
				DEBUG_INFORMATION_FORMAT = "dwarf-with-dsym";
				ENABLE_NS_ASSERTIONS = NO;
				ENABLE_STRICT_OBJC_MSGSEND = YES;
				GCC_C_LANGUAGE_STANDARD = gnu99;
				GCC_NO_COMMON_BLOCKS = YES;
				GCC_WARN_64_TO_32_BIT_CONVERSION = YES;
				GCC_WARN_ABOUT_RETURN_TYPE = YES_ERROR;
				GCC_WARN_UNDECLARED_SELECTOR = YES;
				GCC_WARN_UNINITIALIZED_AUTOS = YES_AGGRESSIVE;
				GCC_WARN_UNUSED_FUNCTION = YES;
				GCC_WARN_UNUSED_VARIABLE = YES;
				IPHONEOS_DEPLOYMENT_TARGET = 9.2;
				MTL_ENABLE_DEBUG_INFO = NO;
				SDKROOT = iphoneos;
				TARGETED_DEVICE_FAMILY = "1,2";
				VALIDATE_PRODUCT = YES;
			};
			name = Release;
		};
		287B60C01C4E2A4C001EED3E /* Debug */ = {
			isa = XCBuildConfiguration;
			buildSettings = {
				ASSETCATALOG_COMPILER_APPICON_NAME = AppIcon;
				FRAMEWORK_SEARCH_PATHS = (
					"$(inherited)",
					"$(PROJECT_DIR)/Carthage/Build/iOS",
				);
				INFOPLIST_FILE = Batmapp/Info.plist;
				LD_RUNPATH_SEARCH_PATHS = "$(inherited) @executable_path/Frameworks";
				PRODUCT_BUNDLE_IDENTIFIER = com.epsi.Batmapp;
				PRODUCT_NAME = "$(TARGET_NAME)";
			};
			name = Debug;
		};
		287B60C11C4E2A4C001EED3E /* Release */ = {
			isa = XCBuildConfiguration;
			buildSettings = {
				ASSETCATALOG_COMPILER_APPICON_NAME = AppIcon;
				FRAMEWORK_SEARCH_PATHS = (
					"$(inherited)",
					"$(PROJECT_DIR)/Carthage/Build/iOS",
				);
				INFOPLIST_FILE = Batmapp/Info.plist;
				LD_RUNPATH_SEARCH_PATHS = "$(inherited) @executable_path/Frameworks";
				PRODUCT_BUNDLE_IDENTIFIER = com.epsi.Batmapp;
				PRODUCT_NAME = "$(TARGET_NAME)";
			};
			name = Release;
		};
/* End XCBuildConfiguration section */

/* Begin XCConfigurationList section */
		287B60A81C4E2A4C001EED3E /* Build configuration list for PBXProject "Batmapp" */ = {
			isa = XCConfigurationList;
			buildConfigurations = (
				287B60BD1C4E2A4C001EED3E /* Debug */,
				287B60BE1C4E2A4C001EED3E /* Release */,
			);
			defaultConfigurationIsVisible = 0;
			defaultConfigurationName = Release;
		};
		287B60BF1C4E2A4C001EED3E /* Build configuration list for PBXNativeTarget "Batmapp" */ = {
			isa = XCConfigurationList;
			buildConfigurations = (
				287B60C01C4E2A4C001EED3E /* Debug */,
				287B60C11C4E2A4C001EED3E /* Release */,
			);
			defaultConfigurationIsVisible = 0;
			defaultConfigurationName = Release;
		};
/* End XCConfigurationList section */
	};
	rootObject = 287B60A51C4E2A4C001EED3E /* Project object */;
}
